// !$*UTF8*$!
{
	archiveVersion = 1;
	classes = {
	};
	objectVersion = 77;
	objects = {

/* Begin PBXBuildFile section */
		D00B6BDE2F7FC3780041982E /* WelcomeView182.swift in Sources */ = {isa = PBXBuildFile; fileRef = D00B6BDD2F7FC3780041982E /* WelcomeView182.swift */; };
		D04DFFE12F9B857900C1500F /* test.swift in Sources */ = {isa = PBXBuildFile; fileRef = D04DFFE02F9B857900C1500F /* test.swift */; };
		D04DFFE42F9B8E2800C1500F /* PracticeCategoryModel.swift in Sources */ = {isa = PBXBuildFile; fileRef = D04DFFE32F9B8E2800C1500F /* PracticeCategoryModel.swift */; };
		D04DFFE62F9B8E8800C1500F /* TestViewPractice.swift in Sources */ = {isa = PBXBuildFile; fileRef = D04DFFE52F9B8E8800C1500F /* TestViewPractice.swift */; };
		D04DFFE92F9B9C5200C1500F /* PracticeTitleView.swift in Sources */ = {isa = PBXBuildFile; fileRef = D04DFFE82F9B9C5200C1500F /* PracticeTitleView.swift */; };
		D04F57B02F7687B700C21351 /* WelcomeView186.swift in Sources */ = {isa = PBXBuildFile; fileRef = D04F57AF2F7687B700C21351 /* WelcomeView186.swift */; };
		D04F57B22F768DCD00C21351 /* WelcomeView188.swift in Sources */ = {isa = PBXBuildFile; fileRef = D04F57B12F768DCD00C21351 /* WelcomeView188.swift */; };
		D04F57B62F76B90600C21351 /* DateTripleWheelPicker.swift in Sources */ = {isa = PBXBuildFile; fileRef = D04F57B52F76B90600C21351 /* DateTripleWheelPicker.swift */; };
		D054A3572F6FCF3700C5E141 /* Assets.xcassets in Resources */ = {isa = PBXBuildFile; fileRef = D054A3532F6FCF3700C5E141 /* Assets.xcassets */; };
		D054A3582F6FCF3700C5E141 /* ASVABApp.swift in Sources */ = {isa = PBXBuildFile; fileRef = D054A3542F6FCF3700C5E141 /* ASVABApp.swift */; };
		D054A35E2F6FFE3200C5E141 /* WelcomeView190.swift in Sources */ = {isa = PBXBuildFile; fileRef = D054A35D2F6FFE3200C5E141 /* WelcomeView190.swift */; };
		D054A3602F70036900C5E141 /* WelcomeView184.swift in Sources */ = {isa = PBXBuildFile; fileRef = D054A35F2F70036900C5E141 /* WelcomeView184.swift */; };
		D054A3622F7578DC00C5E141 /* WelcomeView185.swift in Sources */ = {isa = PBXBuildFile; fileRef = D054A3612F7578DB00C5E141 /* WelcomeView185.swift */; };
		D0A98F2B2F7ABBB80025A4D2 /* WelcomeView189.swift in Sources */ = {isa = PBXBuildFile; fileRef = D0A98F2A2F7ABBB80025A4D2 /* WelcomeView189.swift */; };
		D0A98F2D2F7BE3CC0025A4D2 /* TimeTripleWheelPicker.swift in Sources */ = {isa = PBXBuildFile; fileRef = D0A98F2C2F7BE3CC0025A4D2 /* TimeTripleWheelPicker.swift */; };
		D0C9CEF52F892480006DE06A /* Route.swift in Sources */ = {isa = PBXBuildFile; fileRef = D0C9CEF42F892480006DE06A /* Route.swift */; };
		D0C9CEF82F892EA8006DE06A /* StudyView.swift in Sources */ = {isa = PBXBuildFile; fileRef = D0C9CEF72F892EA8006DE06A /* StudyView.swift */; };
		D0C9CEFA2F892EB4006DE06A /* TestsView.swift in Sources */ = {isa = PBXBuildFile; fileRef = D0C9CEF92F892EB4006DE06A /* TestsView.swift */; };
		D0C9CEFC2F892EC2006DE06A /* StatsView.swift in Sources */ = {isa = PBXBuildFile; fileRef = D0C9CEFB2F892EC2006DE06A /* StatsView.swift */; };
		D0C9CEFE2F892ED0006DE06A /* SettingsView.swift in Sources */ = {isa = PBXBuildFile; fileRef = D0C9CEFD2F892ED0006DE06A /* SettingsView.swift */; };
		D0D6DC5A2F8BA8F500C954FC /* RouteView.swift in Sources */ = {isa = PBXBuildFile; fileRef = D0D6DC592F8BA8F500C954FC /* RouteView.swift */; };
		D0D6DC602F8BF1C200C954FC /* MainTabBar.swift in Sources */ = {isa = PBXBuildFile; fileRef = D0D6DC5F2F8BF1C200C954FC /* MainTabBar.swift */; };
/* End PBXBuildFile section */

/* Begin PBXFileReference section */
		D00B6BDD2F7FC3780041982E /* WelcomeView182.swift */ = {isa = PBXFileReference; lastKnownFileType = sourcecode.swift; path = WelcomeView182.swift; sourceTree = "<group>"; };
		D04DFFE02F9B857900C1500F /* test.swift */ = {isa = PBXFileReference; lastKnownFileType = sourcecode.swift; path = test.swift; sourceTree = "<group>"; };
		D04DFFE32F9B8E2800C1500F /* PracticeCategoryModel.swift */ = {isa = PBXFileReference; lastKnownFileType = sourcecode.swift; path = PracticeCategoryModel.swift; sourceTree = "<group>"; };
		D04DFFE52F9B8E8800C1500F /* TestViewPractice.swift */ = {isa = PBXFileReference; lastKnownFileType = sourcecode.swift; path = TestViewPractice.swift; sourceTree = "<group>"; };
		D04DFFE82F9B9C5200C1500F /* PracticeTitleView.swift */ = {isa = PBXFileReference; lastKnownFileType = sourcecode.swift; path = PracticeTitleView.swift; sourceTree = "<group>"; };
		D04F57AF2F7687B700C21351 /* WelcomeView186.swift */ = {isa = PBXFileReference; lastKnownFileType = sourcecode.swift; path = WelcomeView186.swift; sourceTree = "<group>"; };
		D04F57B12F768DCD00C21351 /* WelcomeView188.swift */ = {isa = PBXFileReference; lastKnownFileType = sourcecode.swift; path = WelcomeView188.swift; sourceTree = "<group>"; };
		D04F57B52F76B90600C21351 /* DateTripleWheelPicker.swift */ = {isa = PBXFileReference; lastKnownFileType = sourcecode.swift; path = DateTripleWheelPicker.swift; sourceTree = "<group>"; };
		D054A3452F6FCF2800C5E141 /* ASVAB.app */ = {isa = PBXFileReference; explicitFileType = wrapper.application; includeInIndex = 0; path = ASVAB.app; sourceTree = BUILT_PRODUCTS_DIR; };
		D054A3532F6FCF3700C5E141 /* Assets.xcassets */ = {isa = PBXFileReference; lastKnownFileType = folder.assetcatalog; path = Assets.xcassets; sourceTree = "<group>"; };
		D054A3542F6FCF3700C5E141 /* ASVABApp.swift */ = {isa = PBXFileReference; lastKnownFileType = sourcecode.swift; path = ASVABApp.swift; sourceTree = "<group>"; };
		D054A35D2F6FFE3200C5E141 /* WelcomeView190.swift */ = {isa = PBXFileReference; lastKnownFileType = sourcecode.swift; path = WelcomeView190.swift; sourceTree = "<group>"; };
		D054A35F2F70036900C5E141 /* WelcomeView184.swift */ = {isa = PBXFileReference; lastKnownFileType = sourcecode.swift; path = WelcomeView184.swift; sourceTree = "<group>"; };
		D054A3612F7578DB00C5E141 /* WelcomeView185.swift */ = {isa = PBXFileReference; lastKnownFileType = sourcecode.swift; path = WelcomeView185.swift; sourceTree = "<group>"; };
		D0A98F2A2F7ABBB80025A4D2 /* WelcomeView189.swift */ = {isa = PBXFileReference; lastKnownFileType = sourcecode.swift; path = WelcomeView189.swift; sourceTree = "<group>"; };
		D0A98F2C2F7BE3CC0025A4D2 /* TimeTripleWheelPicker.swift */ = {isa = PBXFileReference; lastKnownFileType = sourcecode.swift; path = TimeTripleWheelPicker.swift; sourceTree = "<group>"; };
		D0C9CEF42F892480006DE06A /* Route.swift */ = {isa = PBXFileReference; lastKnownFileType = sourcecode.swift; path = Route.swift; sourceTree = "<group>"; };
		D0C9CEF72F892EA8006DE06A /* StudyView.swift */ = {isa = PBXFileReference; lastKnownFileType = sourcecode.swift; path = StudyView.swift; sourceTree = "<group>"; };
		D0C9CEF92F892EB4006DE06A /* TestsView.swift */ = {isa = PBXFileReference; lastKnownFileType = sourcecode.swift; path = TestsView.swift; sourceTree = "<group>"; };
		D0C9CEFB2F892EC2006DE06A /* StatsView.swift */ = {isa = PBXFileReference; lastKnownFileType = sourcecode.swift; path = StatsView.swift; sourceTree = "<group>"; };
		D0C9CEFD2F892ED0006DE06A /* SettingsView.swift */ = {isa = PBXFileReference; lastKnownFileType = sourcecode.swift; path = SettingsView.swift; sourceTree = "<group>"; };
		D0D6DC592F8BA8F500C954FC /* RouteView.swift */ = {isa = PBXFileReference; lastKnownFileType = sourcecode.swift; path = RouteView.swift; sourceTree = "<group>"; };
		D0D6DC5F2F8BF1C200C954FC /* MainTabBar.swift */ = {isa = PBXFileReference; lastKnownFileType = sourcecode.swift; path = MainTabBar.swift; sourceTree = "<group>"; };
/* End PBXFileReference section */

/* Begin PBXFrameworksBuildPhase section */
		D054A3422F6FCF2800C5E141 /* Frameworks */ = {
			isa = PBXFrameworksBuildPhase;
			buildActionMask = 2147483647;
			files = (
			);
			runOnlyForDeploymentPostprocessing = 0;
		};
/* End PBXFrameworksBuildPhase section */

/* Begin PBXGroup section */
		D04DFFE22F9B8E0F00C1500F /* Model */ = {
			isa = PBXGroup;
			children = (
				D04DFFE32F9B8E2800C1500F /* PracticeCategoryModel.swift */,
			);
			path = Model;
			sourceTree = "<group>";
		};
		D04DFFE72F9B9C2E00C1500F /* ElementsViews */ = {
			isa = PBXGroup;
			children = (
				D04DFFE82F9B9C5200C1500F /* PracticeTitleView.swift */,
			);
			path = ElementsViews;
			sourceTree = "<group>";
		};
		D04F57B42F76B8F100C21351 /* Helps */ = {
			isa = PBXGroup;
			children = (
				D04F57B52F76B90600C21351 /* DateTripleWheelPicker.swift */,
				D0A98F2C2F7BE3CC0025A4D2 /* TimeTripleWheelPicker.swift */,
			);
			path = Helps;
			sourceTree = "<group>";
		};
		D054A33C2F6FCF2800C5E141 = {
			isa = PBXGroup;
			children = (
				D054A3562F6FCF3700C5E141 /* ASVAB */,
				D054A3462F6FCF2800C5E141 /* Products */,
			);
			sourceTree = "<group>";
		};
		D054A3462F6FCF2800C5E141 /* Products */ = {
			isa = PBXGroup;
			children = (
				D054A3452F6FCF2800C5E141 /* ASVAB.app */,
			);
			name = Products;
			sourceTree = "<group>";
		};
		D054A3562F6FCF3700C5E141 /* ASVAB */ = {
			isa = PBXGroup;
			children = (
				D04DFFE22F9B8E0F00C1500F /* Model */,
				D0D6DC5B2F8BBEE300C954FC /* test file */,
				D054A35C2F6FFDD500C5E141 /* App */,
				D0C9CEF32F8922C1006DE06A /* Views */,
				D04F57B42F76B8F100C21351 /* Helps */,
				D0D6DC5E2F8BF19500C954FC /* enums */,
				D054A3532F6FCF3700C5E141 /* Assets.xcassets */,
			);
			path = ASVAB;
			sourceTree = "<group>";
		};
		D054A35B2F6FFDBB00C5E141 /* WelcomeViews */ = {
			isa = PBXGroup;
			children = (
				D0A98F2A2F7ABBB80025A4D2 /* WelcomeView189.swift */,
				D04F57B12F768DCD00C21351 /* WelcomeView188.swift */,
				D04F57AF2F7687B700C21351 /* WelcomeView186.swift */,
				D054A3612F7578DB00C5E141 /* WelcomeView185.swift */,
				D054A35D2F6FFE3200C5E141 /* WelcomeView190.swift */,
				D054A35F2F70036900C5E141 /* WelcomeView184.swift */,
				D00B6BDD2F7FC3780041982E /* WelcomeView182.swift */,
			);
			path = WelcomeViews;
			sourceTree = "<group>";
		};
		D054A35C2F6FFDD500C5E141 /* App */ = {
			isa = PBXGroup;
			children = (
				D054A3542F6FCF3700C5E141 /* ASVABApp.swift */,
				D0C9CEF42F892480006DE06A /* Route.swift */,
				D0D6DC592F8BA8F500C954FC /* RouteView.swift */,
			);
			path = App;
			sourceTree = "<group>";
		};
		D0C9CEF32F8922C1006DE06A /* Views */ = {
			isa = PBXGroup;
			children = (
				D04DFFE72F9B9C2E00C1500F /* ElementsViews */,
				D0C9CEF62F892E2B006DE06A /* MainViews */,
				D054A35B2F6FFDBB00C5E141 /* WelcomeViews */,
			);
			path = Views;
			sourceTree = "<group>";
		};
		D0C9CEF62F892E2B006DE06A /* MainViews */ = {
			isa = PBXGroup;
			children = (
				D0C9CEF72F892EA8006DE06A /* StudyView.swift */,
				D0C9CEF92F892EB4006DE06A /* TestsView.swift */,
				D0C9CEFB2F892EC2006DE06A /* StatsView.swift */,
				D0C9CEFD2F892ED0006DE06A /* SettingsView.swift */,
			);
			path = MainViews;
			sourceTree = "<group>";
		};
		D0D6DC5B2F8BBEE300C954FC /* test file */ = {
			isa = PBXGroup;
			children = (
				D04DFFE02F9B857900C1500F /* test.swift */,
				D04DFFE52F9B8E8800C1500F /* TestViewPractice.swift */,
			);
			path = "test file";
			sourceTree = "<group>";
		};
		D0D6DC5E2F8BF19500C954FC /* enums */ = {
			isa = PBXGroup;
			children = (
				D0D6DC5F2F8BF1C200C954FC /* MainTabBar.swift */,
			);
			path = enums;
			sourceTree = "<group>";
		};
/* End PBXGroup section */

/* Begin PBXNativeTarget section */
		D054A3442F6FCF2800C5E141 /* ASVAB */ = {
			isa = PBXNativeTarget;
			buildConfigurationList = D054A3502F6FCF2A00C5E141 /* Build configuration list for PBXNativeTarget "ASVAB" */;
			buildPhases = (
				D054A3412F6FCF2800C5E141 /* Sources */,
				D054A3422F6FCF2800C5E141 /* Frameworks */,
				D054A3432F6FCF2800C5E141 /* Resources */,
			);
			buildRules = (
			);
			dependencies = (
			);
			name = ASVAB;
			packageProductDependencies = (
			);
			productName = ASVAB;
			productReference = D054A3452F6FCF2800C5E141 /* ASVAB.app */;
			productType = "com.apple.product-type.application";
		};
/* End PBXNativeTarget section */

/* Begin PBXProject section */
		D054A33D2F6FCF2800C5E141 /* Project object */ = {
			isa = PBXProject;
			attributes = {
				BuildIndependentTargetsInParallel = 1;
				LastSwiftUpdateCheck = 2600;
				LastUpgradeCheck = 2600;
				TargetAttributes = {
					D054A3442F6FCF2800C5E141 = {
						CreatedOnToolsVersion = 26.0.1;
					};
				};
			};
			buildConfigurationList = D054A3402F6FCF2800C5E141 /* Build configuration list for PBXProject "ASVAB" */;
			developmentRegion = en;
			hasScannedForEncodings = 0;
			knownRegions = (
				en,
				Base,
			);
			mainGroup = D054A33C2F6FCF2800C5E141;
			minimizedProjectReferenceProxies = 1;
			preferredProjectObjectVersion = 77;
			productRefGroup = D054A3462F6FCF2800C5E141 /* Products */;
			projectDirPath = "";
			projectRoot = "";
			targets = (
				D054A3442F6FCF2800C5E141 /* ASVAB */,
			);
		};
/* End PBXProject section */

/* Begin PBXResourcesBuildPhase section */
		D054A3432F6FCF2800C5E141 /* Resources */ = {
			isa = PBXResourcesBuildPhase;
			buildActionMask = 2147483647;
			files = (
				D054A3572F6FCF3700C5E141 /* Assets.xcassets in Resources */,
			);
			runOnlyForDeploymentPostprocessing = 0;
		};
/* End PBXResourcesBuildPhase section */

/* Begin PBXSourcesBuildPhase section */
		D054A3412F6FCF2800C5E141 /* Sources */ = {
			isa = PBXSourcesBuildPhase;
			buildActionMask = 2147483647;
			files = (
				D0D6DC602F8BF1C200C954FC /* MainTabBar.swift in Sources */,
				D04DFFE92F9B9C5200C1500F /* PracticeTitleView.swift in Sources */,
				D04DFFE42F9B8E2800C1500F /* PracticeCategoryModel.swift in Sources */,
				D0C9CEFE2F892ED0006DE06A /* SettingsView.swift in Sources */,
				D054A3582F6FCF3700C5E141 /* ASVABApp.swift in Sources */,
				D04F57B22F768DCD00C21351 /* WelcomeView188.swift in Sources */,
				D0A98F2D2F7BE3CC0025A4D2 /* TimeTripleWheelPicker.swift in Sources */,
				D0D6DC5A2F8BA8F500C954FC /* RouteView.swift in Sources */,
				D04DFFE62F9B8E8800C1500F /* TestViewPractice.swift in Sources */,
				D0A98F2B2F7ABBB80025A4D2 /* WelcomeView189.swift in Sources */,
				D054A35E2F6FFE3200C5E141 /* WelcomeView190.swift in Sources */,
				D04F57B02F7687B700C21351 /* WelcomeView186.swift in Sources */,
				D04F57B62F76B90600C21351 /* DateTripleWheelPicker.swift in Sources */,
				D054A3602F70036900C5E141 /* WelcomeView184.swift in Sources */,
				D054A3622F7578DC00C5E141 /* WelcomeView185.swift in Sources */,
				D0C9CEFA2F892EB4006DE06A /* TestsView.swift in Sources */,
				D04DFFE12F9B857900C1500F /* test.swift in Sources */,
				D0C9CEF52F892480006DE06A /* Route.swift in Sources */,
				D0C9CEF82F892EA8006DE06A /* StudyView.swift in Sources */,
				D0C9CEFC2F892EC2006DE06A /* StatsView.swift in Sources */,
				D00B6BDE2F7FC3780041982E /* WelcomeView182.swift in Sources */,
			);
			runOnlyForDeploymentPostprocessing = 0;
		};
/* End PBXSourcesBuildPhase section */

/* Begin XCBuildConfiguration section */
		D054A34E2F6FCF2A00C5E141 /* Debug */ = {
			isa = XCBuildConfiguration;
			buildSettings = {
				ALWAYS_SEARCH_USER_PATHS = NO;
				ASSETCATALOG_COMPILER_GENERATE_SWIFT_ASSET_SYMBOL_EXTENSIONS = YES;
				CLANG_ANALYZER_NONNULL = YES;
				CLANG_ANALYZER_NUMBER_OBJECT_CONVERSION = YES_AGGRESSIVE;
				CLANG_CXX_LANGUAGE_STANDARD = "gnu++20";
				CLANG_ENABLE_MODULES = YES;
				CLANG_ENABLE_OBJC_ARC = YES;
				CLANG_ENABLE_OBJC_WEAK = YES;
				CLANG_WARN_BLOCK_CAPTURE_AUTORELEASING = YES;
				CLANG_WARN_BOOL_CONVERSION = YES;
				CLANG_WARN_COMMA = YES;
				CLANG_WARN_CONSTANT_CONVERSION = YES;
				CLANG_WARN_DEPRECATED_OBJC_IMPLEMENTATIONS = YES;
				CLANG_WARN_DIRECT_OBJC_ISA_USAGE = YES_ERROR;
				CLANG_WARN_DOCUMENTATION_COMMENTS = YES;
				CLANG_WARN_EMPTY_BODY = YES;
				CLANG_WARN_ENUM_CONVERSION = YES;
				CLANG_WARN_INFINITE_RECURSION = YES;
				CLANG_WARN_INT_CONVERSION = YES;
				CLANG_WARN_NON_LITERAL_NULL_CONVERSION = YES;
				CLANG_WARN_OBJC_IMPLICIT_RETAIN_SELF = YES;
				CLANG_WARN_OBJC_LITERAL_CONVERSION = YES;
				CLANG_WARN_OBJC_ROOT_CLASS = YES_ERROR;
				CLANG_WARN_QUOTED_INCLUDE_IN_FRAMEWORK_HEADER = YES;
				CLANG_WARN_RANGE_LOOP_ANALYSIS = YES;
				CLANG_WARN_STRICT_PROTOTYPES = YES;
				CLANG_WARN_SUSPICIOUS_MOVE = YES;
				CLANG_WARN_UNGUARDED_AVAILABILITY = YES_AGGRESSIVE;
				CLANG_WARN_UNREACHABLE_CODE = YES;
				CLANG_WARN__DUPLICATE_METHOD_MATCH = YES;
				COPY_PHASE_STRIP = NO;
				DEBUG_INFORMATION_FORMAT = dwarf;
				ENABLE_STRICT_OBJC_MSGSEND = YES;
				ENABLE_TESTABILITY = YES;
				ENABLE_USER_SCRIPT_SANDBOXING = YES;
				GCC_C_LANGUAGE_STANDARD = gnu17;
				GCC_DYNAMIC_NO_PIC = NO;
				GCC_NO_COMMON_BLOCKS = YES;
				GCC_OPTIMIZATION_LEVEL = 0;
				GCC_PREPROCESSOR_DEFINITIONS = (
					"DEBUG=1",
					"$(inherited)",
				);
				GCC_WARN_64_TO_32_BIT_CONVERSION = YES;
				GCC_WARN_ABOUT_RETURN_TYPE = YES_ERROR;
				GCC_WARN_UNDECLARED_SELECTOR = YES;
				GCC_WARN_UNINITIALIZED_AUTOS = YES_AGGRESSIVE;
				GCC_WARN_UNUSED_FUNCTION = YES;
				GCC_WARN_UNUSED_VARIABLE = YES;
				IPHONEOS_DEPLOYMENT_TARGET = 26.0;
				LOCALIZATION_PREFERS_STRING_CATALOGS = YES;
				MTL_ENABLE_DEBUG_INFO = INCLUDE_SOURCE;
				MTL_FAST_MATH = YES;
				ONLY_ACTIVE_ARCH = YES;
				SDKROOT = iphoneos;
				SWIFT_ACTIVE_COMPILATION_CONDITIONS = "DEBUG $(inherited)";
				SWIFT_OPTIMIZATION_LEVEL = "-Onone";
			};
			name = Debug;
		};
		D054A34F2F6FCF2A00C5E141 /* Release */ = {
			isa = XCBuildConfiguration;
			buildSettings = {
				ALWAYS_SEARCH_USER_PATHS = NO;
				ASSETCATALOG_COMPILER_GENERATE_SWIFT_ASSET_SYMBOL_EXTENSIONS = YES;
				CLANG_ANALYZER_NONNULL = YES;
				CLANG_ANALYZER_NUMBER_OBJECT_CONVERSION = YES_AGGRESSIVE;
				CLANG_CXX_LANGUAGE_STANDARD = "gnu++20";
				CLANG_ENABLE_MODULES = YES;
				CLANG_ENABLE_OBJC_ARC = YES;
				CLANG_ENABLE_OBJC_WEAK = YES;
				CLANG_WARN_BLOCK_CAPTURE_AUTORELEASING = YES;
				CLANG_WARN_BOOL_CONVERSION = YES;
				CLANG_WARN_COMMA = YES;
				CLANG_WARN_CONSTANT_CONVERSION = YES;
				CLANG_WARN_DEPRECATED_OBJC_IMPLEMENTATIONS = YES;
				CLANG_WARN_DIRECT_OBJC_ISA_USAGE = YES_ERROR;
				CLANG_WARN_DOCUMENTATION_COMMENTS = YES;
				CLANG_WARN_EMPTY_BODY = YES;
				CLANG_WARN_ENUM_CONVERSION = YES;
				CLANG_WARN_INFINITE_RECURSION = YES;
				CLANG_WARN_INT_CONVERSION = YES;
				CLANG_WARN_NON_LITERAL_NULL_CONVERSION = YES;
				CLANG_WARN_OBJC_IMPLICIT_RETAIN_SELF = YES;
				CLANG_WARN_OBJC_LITERAL_CONVERSION = YES;
				CLANG_WARN_OBJC_ROOT_CLASS = YES_ERROR;
				CLANG_WARN_QUOTED_INCLUDE_IN_FRAMEWORK_HEADER = YES;
				CLANG_WARN_RANGE_LOOP_ANALYSIS = YES;
				CLANG_WARN_STRICT_PROTOTYPES = YES;
				CLANG_WARN_SUSPICIOUS_MOVE = YES;
				CLANG_WARN_UNGUARDED_AVAILABILITY = YES_AGGRESSIVE;
				CLANG_WARN_UNREACHABLE_CODE = YES;
				CLANG_WARN__DUPLICATE_METHOD_MATCH = YES;
				COPY_PHASE_STRIP = NO;
				DEBUG_INFORMATION_FORMAT = "dwarf-with-dsym";
				ENABLE_NS_ASSERTIONS = NO;
				ENABLE_STRICT_OBJC_MSGSEND = YES;
				ENABLE_USER_SCRIPT_SANDBOXING = YES;
				GCC_C_LANGUAGE_STANDARD = gnu17;
				GCC_NO_COMMON_BLOCKS = YES;
				GCC_WARN_64_TO_32_BIT_CONVERSION = YES;
				GCC_WARN_ABOUT_RETURN_TYPE = YES_ERROR;
				GCC_WARN_UNDECLARED_SELECTOR = YES;
				GCC_WARN_UNINITIALIZED_AUTOS = YES_AGGRESSIVE;
				GCC_WARN_UNUSED_FUNCTION = YES;
				GCC_WARN_UNUSED_VARIABLE = YES;
				IPHONEOS_DEPLOYMENT_TARGET = 26.0;
				LOCALIZATION_PREFERS_STRING_CATALOGS = YES;
				MTL_ENABLE_DEBUG_INFO = NO;
				MTL_FAST_MATH = YES;
				SDKROOT = iphoneos;
				SWIFT_COMPILATION_MODE = wholemodule;
				VALIDATE_PRODUCT = YES;
			};
			name = Release;
		};
		D054A3512F6FCF2A00C5E141 /* Debug */ = {
			isa = XCBuildConfiguration;
			buildSettings = {
				ASSETCATALOG_COMPILER_APPICON_NAME = AppIcon;
				ASSETCATALOG_COMPILER_GLOBAL_ACCENT_COLOR_NAME = AccentColor;
				CODE_SIGN_STYLE = Automatic;
				CURRENT_PROJECT_VERSION = 1;
				ENABLE_PREVIEWS = YES;
				GENERATE_INFOPLIST_FILE = YES;
				INFOPLIST_KEY_UIApplicationSceneManifest_Generation = YES;
				INFOPLIST_KEY_UIApplicationSupportsIndirectInputEvents = YES;
				INFOPLIST_KEY_UILaunchScreen_Generation = YES;
				INFOPLIST_KEY_UISupportedInterfaceOrientations_iPad = "UIInterfaceOrientationPortrait UIInterfaceOrientationPortraitUpsideDown UIInterfaceOrientationLandscapeLeft UIInterfaceOrientationLandscapeRight";
				INFOPLIST_KEY_UISupportedInterfaceOrientations_iPhone = "UIInterfaceOrientationPortrait UIInterfaceOrientationLandscapeLeft UIInterfaceOrientationLandscapeRight";
				LD_RUNPATH_SEARCH_PATHS = (
					"$(inherited)",
					"@executable_path/Frameworks",
				);
				MARKETING_VERSION = 1.0;
				PRODUCT_BUNDLE_IDENTIFIER = test.ASVAB;
				PRODUCT_NAME = "$(TARGET_NAME)";
				STRING_CATALOG_GENERATE_SYMBOLS = YES;
				SWIFT_APPROACHABLE_CONCURRENCY = YES;
				SWIFT_DEFAULT_ACTOR_ISOLATION = MainActor;
				SWIFT_EMIT_LOC_STRINGS = YES;
				SWIFT_UPCOMING_FEATURE_MEMBER_IMPORT_VISIBILITY = YES;
				SWIFT_VERSION = 5.0;
				TARGETED_DEVICE_FAMILY = "1,2";
			};
			name = Debug;
		};
		D054A3522F6FCF2A00C5E141 /* Release */ = {
			isa = XCBuildConfiguration;
			buildSettings = {
				ASSETCATALOG_COMPILER_APPICON_NAME = AppIcon;
				ASSETCATALOG_COMPILER_GLOBAL_ACCENT_COLOR_NAME = AccentColor;
				CODE_SIGN_STYLE = Automatic;
				CURRENT_PROJECT_VERSION = 1;
				ENABLE_PREVIEWS = YES;
				GENERATE_INFOPLIST_FILE = YES;
				INFOPLIST_KEY_UIApplicationSceneManifest_Generation = YES;
				INFOPLIST_KEY_UIApplicationSupportsIndirectInputEvents = YES;
				INFOPLIST_KEY_UILaunchScreen_Generation = YES;
				INFOPLIST_KEY_UISupportedInterfaceOrientations_iPad = "UIInterfaceOrientationPortrait UIInterfaceOrientationPortraitUpsideDown UIInterfaceOrientationLandscapeLeft UIInterfaceOrientationLandscapeRight";
				INFOPLIST_KEY_UISupportedInterfaceOrientations_iPhone = "UIInterfaceOrientationPortrait UIInterfaceOrientationLandscapeLeft UIInterfaceOrientationLandscapeRight";
				LD_RUNPATH_SEARCH_PATHS = (
					"$(inherited)",
					"@executable_path/Frameworks",
				);
				MARKETING_VERSION = 1.0;
				PRODUCT_BUNDLE_IDENTIFIER = test.ASVAB;
				PRODUCT_NAME = "$(TARGET_NAME)";
				STRING_CATALOG_GENERATE_SYMBOLS = YES;
				SWIFT_APPROACHABLE_CONCURRENCY = YES;
				SWIFT_DEFAULT_ACTOR_ISOLATION = MainActor;
				SWIFT_EMIT_LOC_STRINGS = YES;
				SWIFT_UPCOMING_FEATURE_MEMBER_IMPORT_VISIBILITY = YES;
				SWIFT_VERSION = 5.0;
				TARGETED_DEVICE_FAMILY = "1,2";
			};
			name = Release;
		};
/* End XCBuildConfiguration section */

/* Begin XCConfigurationList section */
		D054A3402F6FCF2800C5E141 /* Build configuration list for PBXProject "ASVAB" */ = {
			isa = XCConfigurationList;
			buildConfigurations = (
				D054A34E2F6FCF2A00C5E141 /* Debug */,
				D054A34F2F6FCF2A00C5E141 /* Release */,
			);
			defaultConfigurationIsVisible = 0;
			defaultConfigurationName = Release;
		};
		D054A3502F6FCF2A00C5E141 /* Build configuration list for PBXNativeTarget "ASVAB" */ = {
			isa = XCConfigurationList;
			buildConfigurations = (
				D054A3512F6FCF2A00C5E141 /* Debug */,
				D054A3522F6FCF2A00C5E141 /* Release */,
			);
			defaultConfigurationIsVisible = 0;
			defaultConfigurationName = Release;
		};
/* End XCConfigurationList section */
	};
	rootObject = D054A33D2F6FCF2800C5E141 /* Project object */;
}
